{
  "name": "fixture-npm-v1-lockfile",
  "version": "1.0.0",
  "lockfileVersion": 1,
  "requires": true,
  "dependencies": {
    "left-pad": {
      "version": "1.3.0",
      "resolved": "https://registry.npmjs.org/left-pad/-/left-pad-1.3.0.tgz",
      "integrity": "sha512-XI5MvJUlwANhbnkoQhFV/T5rfSPKb/aXA/ipuOJmXFDvziPOfNwVvzao9jugp3g5X8T0i5CQqAfft/6yziFE6A=="
    },
    "typescript": {
      "version": "5.4.5",
      "dev": true,
      "resolved": "https://registry.npmjs.org/typescript/-/typescript-5.4.5.tgz",
      "integrity": "sha512-vcI4UpRgg81oIRUFwR0WSIHKt11nJ7SAVlYNIu+QpqeyXP+gpQJy9Q8pKa4dP2wgWQlHz1YbYzE9xOKPzPpvTA=="
    }
  }
}
