# This file is generated by running "yarn install" inside your project.
# Manual changes might be lost - proceed with caution!

__metadata:
  version: 6
  cacheKey: 8

"left-pad@npm:^1.3.0":
  version: 1.3.0
  resolution: "left-pad@npm:1.3.0"
  checksum: 5b8a3a7765dfe001261dde915589e782f8c94d1e
  languageName: node
  linkType: hard
